
Microsoft Visual Studio Solution File, Format Version 12.00
# Visual Studio Version 17
VisualStudioVersion = 17.3.32929.385
MinimumVisualStudioVersion = 10.0.40219.1
Project("{9A19103F-16F7-4668-BE54-9A1E7A4F7556}") = "MSTestMoodCheck", "MSTestMoodCheck.csproj", "{0E90ED33-F2E5-4ECA-AF80-E4A022046351}"
EndProject
Project("{FAE04EC0-301F-11D3-BF4B-00C04F79EFBC}") = "TestMoodAnalyser", "..\TestMoodAnalyser\TestMoodAnalyser.csproj", "{5DF2637E-D6E8-4685-BCA2-39E316BD7FD3}"
EndProject
Global
	GlobalSection(SolutionConfigurationPlatforms) = preSolution
		Debug|Any CPU = Debug|Any CPU
		Release|Any CPU = Release|Any CPU
	EndGlobalSection
	GlobalSection(ProjectConfigurationPlatforms) = postSolution
		{0E90ED33-F2E5-4ECA-AF80-E4A022046351}.Debug|Any CPU.ActiveCfg = Debug|Any CPU
		{0E90ED33-F2E5-4ECA-AF80-E4A022046351}.Debug|Any CPU.Build.0 = Debug|Any CPU
		{0E90ED33-F2E5-4ECA-AF80-E4A022046351}.Release|Any CPU.ActiveCfg = Release|Any CPU
		{0E90ED33-F2E5-4ECA-AF80-E4A022046351}.Release|Any CPU.Build.0 = Release|Any CPU
		{5DF2637E-D6E8-4685-BCA2-39E316BD7FD3}.Debug|Any CPU.ActiveCfg = Debug|Any CPU
		{5DF2637E-D6E8-4685-BCA2-39E316BD7FD3}.Debug|Any CPU.Build.0 = Debug|Any CPU
		{5DF2637E-D6E8-4685-BCA2-39E316BD7FD3}.Release|Any CPU.ActiveCfg = Release|Any CPU
		{5DF2637E-D6E8-4685-BCA2-39E316BD7FD3}.Release|Any CPU.Build.0 = Release|Any CPU
	EndGlobalSection
	GlobalSection(SolutionProperties) = preSolution
		HideSolutionNode = FALSE
	EndGlobalSection
	GlobalSection(ExtensibilityGlobals) = postSolution
		SolutionGuid = {43C8DC31-B046-4B66-80C0-09D4DC7A0B80}
	EndGlobalSection
EndGlobal
